// !$*UTF8*$!
{
	archiveVersion = 1;
	classes = {
	};
	objectVersion = 50;
	objects = {

/* Begin PBXBuildFile section */
		4C8CB63B20C6BA850045E135 /* AppDelegate.swift in Sources */ = {isa = PBXBuildFile; fileRef = 4C8CB63A20C6BA850045E135 /* AppDelegate.swift */; };
		4C8CB63D20C6BA850045E135 /* ViewController.swift in Sources */ = {isa = PBXBuildFile; fileRef = 4C8CB63C20C6BA850045E135 /* ViewController.swift */; };
		4C8CB64020C6BA850045E135 /* Main.storyboard in Resources */ = {isa = PBXBuildFile; fileRef = 4C8CB63E20C6BA850045E135 /* Main.storyboard */; };
		4C8CB64320C6BA850045E135 /* Repertoire_d_entreprise.xcdatamodeld in Sources */ = {isa = PBXBuildFile; fileRef = 4C8CB64120C6BA850045E135 /* Repertoire_d_entreprise.xcdatamodeld */; };
		4C8CB64520C6BA860045E135 /* Assets.xcassets in Resources */ = {isa = PBXBuildFile; fileRef = 4C8CB64420C6BA860045E135 /* Assets.xcassets */; };
		4C8CB64820C6BA860045E135 /* LaunchScreen.storyboard in Resources */ = {isa = PBXBuildFile; fileRef = 4C8CB64620C6BA860045E135 /* LaunchScreen.storyboard */; };
/* End PBXBuildFile section */

/* Begin PBXFileReference section */
		4C8CB63720C6BA850045E135 /* Repertoire d'entreprise.app */ = {isa = PBXFileReference; explicitFileType = wrapper.application; includeInIndex = 0; path = "Repertoire d'entreprise.app"; sourceTree = BUILT_PRODUCTS_DIR; };
		4C8CB63A20C6BA850045E135 /* AppDelegate.swift */ = {isa = PBXFileReference; lastKnownFileType = sourcecode.swift; path = AppDelegate.swift; sourceTree = "<group>"; };
		4C8CB63C20C6BA850045E135 /* ViewController.swift */ = {isa = PBXFileReference; lastKnownFileType = sourcecode.swift; path = ViewController.swift; sourceTree = "<group>"; };
		4C8CB63F20C6BA850045E135 /* Base */ = {isa = PBXFileReference; lastKnownFileType = file.storyboard; name = Base; path = Base.lproj/Main.storyboard; sourceTree = "<group>"; };
		4C8CB64220C6BA850045E135 /* Repertoire_d_entreprise.xcdatamodel */ = {isa = PBXFileReference; lastKnownFileType = wrapper.xcdatamodel; path = Repertoire_d_entreprise.xcdatamodel; sourceTree = "<group>"; };
		4C8CB64420C6BA860045E135 /* Assets.xcassets */ = {isa = PBXFileReference; lastKnownFileType = folder.assetcatalog; path = Assets.xcassets; sourceTree = "<group>"; };
		4C8CB64720C6BA860045E135 /* Base */ = {isa = PBXFileReference; lastKnownFileType = file.storyboard; name = Base; path = Base.lproj/LaunchScreen.storyboard; sourceTree = "<group>"; };
		4C8CB64920C6BA860045E135 /* Info.plist */ = {isa = PBXFileReference; lastKnownFileType = text.plist.xml; path = Info.plist; sourceTree = "<group>"; };
/* End PBXFileReference section */

/* Begin PBXFrameworksBuildPhase section */
		4C8CB63420C6BA850045E135 /* Frameworks */ = {
			isa = PBXFrameworksBuildPhase;
			buildActionMask = 2147483647;
			files = (
			);
			runOnlyForDeploymentPostprocessing = 0;
		};
/* End PBXFrameworksBuildPhase section */

/* Begin PBXGroup section */
		4C8CB62E20C6BA850045E135 = {
			isa = PBXGroup;
			children = (
				4C8CB63920C6BA850045E135 /* Repertoire d'entreprise */,
				4C8CB63820C6BA850045E135 /* Products */,
			);
			sourceTree = "<group>";
		};
		4C8CB63820C6BA850045E135 /* Products */ = {
			isa = PBXGroup;
			children = (
				4C8CB63720C6BA850045E135 /* Repertoire d'entreprise.app */,
			);
			name = Products;
			sourceTree = "<group>";
		};
		4C8CB63920C6BA850045E135 /* Repertoire d'entreprise */ = {
			isa = PBXGroup;
			children = (
				4C8CB63A20C6BA850045E135 /* AppDelegate.swift */,
				4C8CB63C20C6BA850045E135 /* ViewController.swift */,
				4C8CB63E20C6BA850045E135 /* Main.storyboard */,
				4C8CB64420C6BA860045E135 /* Assets.xcassets */,
				4C8CB64620C6BA860045E135 /* LaunchScreen.storyboard */,
				4C8CB64920C6BA860045E135 /* Info.plist */,
				4C8CB64120C6BA850045E135 /* Repertoire_d_entreprise.xcdatamodeld */,
			);
			path = "Repertoire d'entreprise";
			sourceTree = "<group>";
		};
/* End PBXGroup section */

/* Begin PBXNativeTarget section */
		4C8CB63620C6BA850045E135 /* Repertoire d'entreprise */ = {
			isa = PBXNativeTarget;
			buildConfigurationList = 4C8CB64C20C6BA860045E135 /* Build configuration list for PBXNativeTarget "Repertoire d'entreprise" */;
			buildPhases = (
				4C8CB63320C6BA850045E135 /* Sources */,
				4C8CB63420C6BA850045E135 /* Frameworks */,
				4C8CB63520C6BA850045E135 /* Resources */,
			);
			buildRules = (
			);
			dependencies = (
			);
			name = "Repertoire d'entreprise";
			productName = "Repertoire d'entreprise";
			productReference = 4C8CB63720C6BA850045E135 /* Repertoire d'entreprise.app */;
			productType = "com.apple.product-type.application";
		};
/* End PBXNativeTarget section */

/* Begin PBXProject section */
		4C8CB62F20C6BA850045E135 /* Project object */ = {
			isa = PBXProject;
			attributes = {
				LastSwiftUpdateCheck = 0940;
				LastUpgradeCheck = 0940;
				ORGANIZATIONNAME = EMANET;
				TargetAttributes = {
					4C8CB63620C6BA850045E135 = {
						CreatedOnToolsVersion = 9.4;
					};
				};
			};
			buildConfigurationList = 4C8CB63220C6BA850045E135 /* Build configuration list for PBXProject "Repertoire d'entreprise" */;
			compatibilityVersion = "Xcode 9.3";
			developmentRegion = en;
			hasScannedForEncodings = 0;
			knownRegions = (
				en,
				Base,
			);
			mainGroup = 4C8CB62E20C6BA850045E135;
			productRefGroup = 4C8CB63820C6BA850045E135 /* Products */;
			projectDirPath = "";
			projectRoot = "";
			targets = (
				4C8CB63620C6BA850045E135 /* Repertoire d'entreprise */,
			);
		};
/* End PBXProject section */

/* Begin PBXResourcesBuildPhase section */
		4C8CB63520C6BA850045E135 /* Resources */ = {
			isa = PBXResourcesBuildPhase;
			buildActionMask = 2147483647;
			files = (
				4C8CB64820C6BA860045E135 /* LaunchScreen.storyboard in Resources */,
				4C8CB64520C6BA860045E135 /* Assets.xcassets in Resources */,
				4C8CB64020C6BA850045E135 /* Main.storyboard in Resources */,
			);
			runOnlyForDeploymentPostprocessing = 0;
		};
/* End PBXResourcesBuildPhase section */

/* Begin PBXSourcesBuildPhase section */
		4C8CB63320C6BA850045E135 /* Sources */ = {
			isa = PBXSourcesBuildPhase;
			buildActionMask = 2147483647;
			files = (
				4C8CB63D20C6BA850045E135 /* ViewController.swift in Sources */,
				4C8CB63B20C6BA850045E135 /* AppDelegate.swift in Sources */,
				4C8CB64320C6BA850045E135 /* Repertoire_d_entreprise.xcdatamodeld in Sources */,
			);
			runOnlyForDeploymentPostprocessing = 0;
		};
/* End PBXSourcesBuildPhase section */

/* Begin PBXVariantGroup section */
		4C8CB63E20C6BA850045E135 /* Main.storyboard */ = {
			isa = PBXVariantGroup;
			children = (
				4C8CB63F20C6BA850045E135 /* Base */,
			);
			name = Main.storyboard;
			sourceTree = "<group>";
		};
		4C8CB64620C6BA860045E135 /* LaunchScreen.storyboard */ = {
			isa = PBXVariantGroup;
			children = (
				4C8CB64720C6BA860045E135 /* Base */,
			);
			name = LaunchScreen.storyboard;
			sourceTree = "<group>";
		};
/* End PBXVariantGroup section */

/* Begin XCBuildConfiguration section */
		4C8CB64A20C6BA860045E135 /* Debug */ = {
			isa = XCBuildConfiguration;
			buildSettings = {
				ALWAYS_SEARCH_USER_PATHS = NO;
				CLANG_ANALYZER_NONNULL = YES;
				CLANG_ANALYZER_NUMBER_OBJECT_CONVERSION = YES_AGGRESSIVE;
				CLANG_CXX_LANGUAGE_STANDARD = "gnu++14";
				CLANG_CXX_LIBRARY = "libc++";
				CLANG_ENABLE_MODULES = YES;
				CLANG_ENABLE_OBJC_ARC = YES;
				CLANG_ENABLE_OBJC_WEAK = YES;
				CLANG_WARN_BLOCK_CAPTURE_AUTORELEASING = YES;
				CLANG_WARN_BOOL_CONVERSION = YES;
				CLANG_WARN_COMMA = YES;
				CLANG_WARN_CONSTANT_CONVERSION = YES;
				CLANG_WARN_DEPRECATED_OBJC_IMPLEMENTATIONS = YES;
				CLANG_WARN_DIRECT_OBJC_ISA_USAGE = YES_ERROR;
				CLANG_WARN_DOCUMENTATION_COMMENTS = YES;
				CLANG_WARN_EMPTY_BODY = YES;
				CLANG_WARN_ENUM_CONVERSION = YES;
				CLANG_WARN_INFINITE_RECURSION = YES;
				CLANG_WARN_INT_CONVERSION = YES;
				CLANG_WARN_NON_LITERAL_NULL_CONVERSION = YES;
				CLANG_WARN_OBJC_IMPLICIT_RETAIN_SELF = YES;
				CLANG_WARN_OBJC_LITERAL_CONVERSION = YES;
				CLANG_WARN_OBJC_ROOT_CLASS = YES_ERROR;
				CLANG_WARN_RANGE_LOOP_ANALYSIS = YES;
				CLANG_WARN_STRICT_PROTOTYPES = YES;
				CLANG_WARN_SUSPICIOUS_MOVE = YES;
				CLANG_WARN_UNGUARDED_AVAILABILITY = YES_AGGRESSIVE;
				CLANG_WARN_UNREACHABLE_CODE = YES;
				CLANG_WARN__DUPLICATE_METHOD_MATCH = YES;
				CODE_SIGN_IDENTITY = "iPhone Developer";
				COPY_PHASE_STRIP = NO;
				DEBUG_INFORMATION_FORMAT = dwarf;
				ENABLE_STRICT_OBJC_MSGSEND = YES;
				ENABLE_TESTABILITY = YES;
				GCC_C_LANGUAGE_STANDARD = gnu11;
				GCC_DYNAMIC_NO_PIC = NO;
				GCC_NO_COMMON_BLOCKS = YES;
				GCC_OPTIMIZATION_LEVEL = 0;
				GCC_PREPROCESSOR_DEFINITIONS = (
					"DEBUG=1",
					"$(inherited)",
				);
				GCC_WARN_64_TO_32_BIT_CONVERSION = YES;
				GCC_WARN_ABOUT_RETURN_TYPE = YES_ERROR;
				GCC_WARN_UNDECLARED_SELECTOR = YES;
				GCC_WARN_UNINITIALIZED_AUTOS = YES_AGGRESSIVE;
				GCC_WARN_UNUSED_FUNCTION = YES;
				GCC_WARN_UNUSED_VARIABLE = YES;
				IPHONEOS_DEPLOYMENT_TARGET = 11.4;
				MTL_ENABLE_DEBUG_INFO = YES;
				ONLY_ACTIVE_ARCH = YES;
				SDKROOT = iphoneos;
				SWIFT_ACTIVE_COMPILATION_CONDITIONS = DEBUG;
				SWIFT_OPTIMIZATION_LEVEL = "-Onone";
			};
			name = Debug;
		};
		4C8CB64B20C6BA860045E135 /* Release */ = {
			isa = XCBuildConfiguration;
			buildSettings = {
				ALWAYS_SEARCH_USER_PATHS = NO;
				CLANG_ANALYZER_NONNULL = YES;
				CLANG_ANALYZER_NUMBER_OBJECT_CONVERSION = YES_AGGRESSIVE;
				CLANG_CXX_LANGUAGE_STANDARD = "gnu++14";
				CLANG_CXX_LIBRARY = "libc++";
				CLANG_ENABLE_MODULES = YES;
				CLANG_ENABLE_OBJC_ARC = YES;
				CLANG_ENABLE_OBJC_WEAK = YES;
				CLANG_WARN_BLOCK_CAPTURE_AUTORELEASING = YES;
				CLANG_WARN_BOOL_CONVERSION = YES;
				CLANG_WARN_COMMA = YES;
				CLANG_WARN_CONSTANT_CONVERSION = YES;
				CLANG_WARN_DEPRECATED_OBJC_IMPLEMENTATIONS = YES;
				CLANG_WARN_DIRECT_OBJC_ISA_USAGE = YES_ERROR;
				CLANG_WARN_DOCUMENTATION_COMMENTS = YES;
				CLANG_WARN_EMPTY_BODY = YES;
				CLANG_WARN_ENUM_CONVERSION = YES;
				CLANG_WARN_INFINITE_RECURSION = YES;
				CLANG_WARN_INT_CONVERSION = YES;
				CLANG_WARN_NON_LITERAL_NULL_CONVERSION = YES;
				CLANG_WARN_OBJC_IMPLICIT_RETAIN_SELF = YES;
				CLANG_WARN_OBJC_LITERAL_CONVERSION = YES;
				CLANG_WARN_OBJC_ROOT_CLASS = YES_ERROR;
				CLANG_WARN_RANGE_LOOP_ANALYSIS = YES;
				CLANG_WARN_STRICT_PROTOTYPES = YES;
				CLANG_WARN_SUSPICIOUS_MOVE = YES;
				CLANG_WARN_UNGUARDED_AVAILABILITY = YES_AGGRESSIVE;
				CLANG_WARN_UNREACHABLE_CODE = YES;
				CLANG_WARN__DUPLICATE_METHOD_MATCH = YES;
				CODE_SIGN_IDENTITY = "iPhone Developer";
				COPY_PHASE_STRIP = NO;
				DEBUG_INFORMATION_FORMAT = "dwarf-with-dsym";
				ENABLE_NS_ASSERTIONS = NO;
				ENABLE_STRICT_OBJC_MSGSEND = YES;
				GCC_C_LANGUAGE_STANDARD = gnu11;
				GCC_NO_COMMON_BLOCKS = YES;
				GCC_WARN_64_TO_32_BIT_CONVERSION = YES;
				GCC_WARN_ABOUT_RETURN_TYPE = YES_ERROR;
				GCC_WARN_UNDECLARED_SELECTOR = YES;
				GCC_WARN_UNINITIALIZED_AUTOS = YES_AGGRESSIVE;
				GCC_WARN_UNUSED_FUNCTION = YES;
				GCC_WARN_UNUSED_VARIABLE = YES;
				IPHONEOS_DEPLOYMENT_TARGET = 11.4;
				MTL_ENABLE_DEBUG_INFO = NO;
				SDKROOT = iphoneos;
				SWIFT_COMPILATION_MODE = wholemodule;
				SWIFT_OPTIMIZATION_LEVEL = "-O";
				VALIDATE_PRODUCT = YES;
			};
			name = Release;
		};
		4C8CB64D20C6BA860045E135 /* Debug */ = {
			isa = XCBuildConfiguration;
			buildSettings = {
				ASSETCATALOG_COMPILER_APPICON_NAME = AppIcon;
				CODE_SIGN_STYLE = Automatic;
				DEVELOPMENT_TEAM = 6R3EY3WNDP;
				INFOPLIST_FILE = "Repertoire d'entreprise/Info.plist";
				LD_RUNPATH_SEARCH_PATHS = (
					"$(inherited)",
					"@executable_path/Frameworks",
				);
				PRODUCT_BUNDLE_IDENTIFIER = "fr.emanet.Repertoire-d-entreprise";
				PRODUCT_NAME = "$(TARGET_NAME)";
				SWIFT_VERSION = 4.0;
				TARGETED_DEVICE_FAMILY = "1,2";
			};
			name = Debug;
		};
		4C8CB64E20C6BA860045E135 /* Release */ = {
			isa = XCBuildConfiguration;
			buildSettings = {
				ASSETCATALOG_COMPILER_APPICON_NAME = AppIcon;
				CODE_SIGN_STYLE = Automatic;
				DEVELOPMENT_TEAM = 6R3EY3WNDP;
				INFOPLIST_FILE = "Repertoire d'entreprise/Info.plist";
				LD_RUNPATH_SEARCH_PATHS = (
					"$(inherited)",
					"@executable_path/Frameworks",
				);
				PRODUCT_BUNDLE_IDENTIFIER = "fr.emanet.Repertoire-d-entreprise";
				PRODUCT_NAME = "$(TARGET_NAME)";
				SWIFT_VERSION = 4.0;
				TARGETED_DEVICE_FAMILY = "1,2";
			};
			name = Release;
		};
/* End XCBuildConfiguration section */

/* Begin XCConfigurationList section */
		4C8CB63220C6BA850045E135 /* Build configuration list for PBXProject "Repertoire d'entreprise" */ = {
			isa = XCConfigurationList;
			buildConfigurations = (
				4C8CB64A20C6BA860045E135 /* Debug */,
				4C8CB64B20C6BA860045E135 /* Release */,
			);
			defaultConfigurationIsVisible = 0;
			defaultConfigurationName = Release;
		};
		4C8CB64C20C6BA860045E135 /* Build configuration list for PBXNativeTarget "Repertoire d'entreprise" */ = {
			isa = XCConfigurationList;
			buildConfigurations = (
				4C8CB64D20C6BA860045E135 /* Debug */,
				4C8CB64E20C6BA860045E135 /* Release */,
			);
			defaultConfigurationIsVisible = 0;
			defaultConfigurationName = Release;
		};
/* End XCConfigurationList section */

/* Begin XCVersionGroup section */
		4C8CB64120C6BA850045E135 /* Repertoire_d_entreprise.xcdatamodeld */ = {
			isa = XCVersionGroup;
			children = (
				4C8CB64220C6BA850045E135 /* Repertoire_d_entreprise.xcdatamodel */,
			);
			currentVersion = 4C8CB64220C6BA850045E135 /* Repertoire_d_entreprise.xcdatamodel */;
			path = Repertoire_d_entreprise.xcdatamodeld;
			sourceTree = "<group>";
			versionGroupType = wrapper.xcdatamodel;
		};
/* End XCVersionGroup section */
	};
	rootObject = 4C8CB62F20C6BA850045E135 /* Project object */;
}
